PODS:
  - neutrino (1.0)
  - shared (1.0)

DEPENDENCIES:
  - neutrino (from `../neutrino`)
  - shared (from `../shared`)

EXTERNAL SOURCES:
  neutrino:
    :path: "../neutrino"
  shared:
    :path: "../shared"

SPEC CHECKSUMS:
  neutrino: c4361cbf37e0cbf74fcb09f767ba05584ad1ea9c
  shared: 5b091f78e92f82721413646e6b88689da4121785

PODFILE CHECKSUM: aad155f4cca1adf7666120ca276512ac1246f242

COCOAPODS: 1.11.2
